{
  "version": "4",
  "specifiers": {
    "jsr:@deno-libs/gql@^3.0.1": "3.0.1",
    "jsr:@std/http@0.224.5": "0.224.5",
    "npm:graphql-http@1.22.0": "1.22.0_graphql@16.8.1",
    "npm:graphql@16.8.1": "16.8.1",
    "npm:xss@1.0.15": "1.0.15"
  },
  "jsr": {
    "@deno-libs/gql@3.0.1": {
      "integrity": "e58054ff26c2b4934d18ae537595999285fc363e901481afb42082975129f85c",
      "dependencies": [
        "jsr:@std/http",
        "npm:graphql",
        "npm:graphql-http",
        "npm:xss"
      ]
    },
    "@std/http@0.224.5": {
      "integrity": "b03b5d1529f6c423badfb82f6640f9f2557b4034cd7c30655ba5bb447ff750a4"
    }
  },
  "npm": {
    "commander@2.20.3": {
      "integrity": "sha512-GpVkmM8vF2vQUkj2LvZmD35JxeJOLCwJ9cUkugyk2nuhbv3+mJvpLYYt+0+USMxE+oj+ey/lJEnhZw75x/OMcQ=="
    },
    "cssfilter@0.0.10": {
      "integrity": "sha512-FAaLDaplstoRsDR8XGYH51znUN0UY7nMc6Z9/fvE8EXGwvJE9hu7W2vHwx1+bd6gCYnln9nLbzxFTrcO9YQDZw=="
    },
    "graphql-http@1.22.0_graphql@16.8.1": {
      "integrity": "sha512-9RBUlGJWBFqz9LwfpmAbjJL/8j/HCNkZwPBU5+Bfmwez+1Ay43DocMNQYpIWsWqH0Ftv6PTNAh2aRnnMCBJgLw==",
      "dependencies": [
        "graphql"
      ]
    },
    "graphql@16.8.1": {
      "integrity": "sha512-59LZHPdGZVh695Ud9lRzPBVTtlX9ZCV150Er2W43ro37wVof0ctenSaskPPjN7lVTIN8mSZt8PHUNKZuNQUuxw=="
    },
    "xss@1.0.15": {
      "integrity": "sha512-FVdlVVC67WOIPvfOwhoMETV72f6GbW7aOabBC3WxN/oUdoEMDyLz4OgRv5/gck2ZeNqEQu+Tb0kloovXOfpYVg==",
      "dependencies": [
        "commander",
        "cssfilter"
      ]
    }
  },
  "workspace": {
    "dependencies": [
      "jsr:@deno-libs/gql@^3.0.1"
    ]
  }
}
